// !$*UTF8*$!
{
	archiveVersion = 1;
	classes = {
	};
	objectVersion = 46;
	objects = {

/* Begin PBXAggregateTarget section */
		695C22AB18C98DE300882B74 /* Framework */ = {
			isa = PBXAggregateTarget;
			buildConfigurationList = 695C22AC18C98DE300882B74 /* Build configuration list for PBXAggregateTarget "Framework" */;
			buildPhases = (
				695C22AF18C98DEA00882B74 /* ShellScript */,
			);
			dependencies = (
			);
			name = Framework;
			productName = Framework;
		};
/* End PBXAggregateTarget section */

/* Begin PBXBuildFile section */
		69035F2018D511490001259A /* NSLayoutConstraint+TATInstallation.m in Sources */ = {isa = PBXBuildFile; fileRef = 69035F1F18D511490001259A /* NSLayoutConstraint+TATInstallation.m */; };
		69035F2318D512640001259A /* NSLayoutConstraint+TATInstallationSpec.m in Sources */ = {isa = PBXBuildFile; fileRef = 69035F2218D512640001259A /* NSLayoutConstraint+TATInstallationSpec.m */; };
		690364CC18DCC4C700B5CB8C /* TATLayoutHelper.m in Sources */ = {isa = PBXBuildFile; fileRef = 690364CB18DCC4C700B5CB8C /* TATLayoutHelper.m */; };
		690364CF18DCC95B00B5CB8C /* TATLayoutHelperSpec.m in Sources */ = {isa = PBXBuildFile; fileRef = 690364CE18DCC95B00B5CB8C /* TATLayoutHelperSpec.m */; };
		690DA511193CBBA000B8C0AE /* TATLayoutExampleViewController.m in Sources */ = {isa = PBXBuildFile; fileRef = 690DA510193CBBA000B8C0AE /* TATLayoutExampleViewController.m */; };
		6913AECE18A062EF000C1F5C /* Foundation.framework in Frameworks */ = {isa = PBXBuildFile; fileRef = 6913AEA318A0625B000C1F5C /* Foundation.framework */; };
		6913AED018A062EF000C1F5C /* CoreGraphics.framework in Frameworks */ = {isa = PBXBuildFile; fileRef = 6913AECF18A062EF000C1F5C /* CoreGraphics.framework */; };
		6913AED718A062EF000C1F5C /* InfoPlist.strings in Resources */ = {isa = PBXBuildFile; fileRef = 6913AED518A062EF000C1F5C /* InfoPlist.strings */; };
		6913AED918A062EF000C1F5C /* main.m in Sources */ = {isa = PBXBuildFile; fileRef = 6913AED818A062EF000C1F5C /* main.m */; };
		6913AEE018A062EF000C1F5C /* iPhone.storyboard in Resources */ = {isa = PBXBuildFile; fileRef = 6913AEDE18A062EF000C1F5C /* iPhone.storyboard */; };
		6913AEE318A062EF000C1F5C /* iPad.storyboard in Resources */ = {isa = PBXBuildFile; fileRef = 6913AEE118A062EF000C1F5C /* iPad.storyboard */; };
		6913AEE818A062EF000C1F5C /* Images.xcassets in Resources */ = {isa = PBXBuildFile; fileRef = 6913AEE718A062EF000C1F5C /* Images.xcassets */; };
		691789C218A08E53003592DB /* XCTest.framework in Frameworks */ = {isa = PBXBuildFile; fileRef = 6913AEB118A0625B000C1F5C /* XCTest.framework */; };
		691789C318A08E53003592DB /* Foundation.framework in Frameworks */ = {isa = PBXBuildFile; fileRef = 6913AEA318A0625B000C1F5C /* Foundation.framework */; };
		691789C418A08E53003592DB /* UIKit.framework in Frameworks */ = {isa = PBXBuildFile; fileRef = 6990BAA418A0713200A34232 /* UIKit.framework */; };
		691789CA18A08E53003592DB /* InfoPlist.strings in Resources */ = {isa = PBXBuildFile; fileRef = 691789C818A08E53003592DB /* InfoPlist.strings */; };
		6929D97C18A87C04003195A4 /* NSLayoutConstraint+TATFactory.m in Sources */ = {isa = PBXBuildFile; fileRef = 6929D97B18A87C04003195A4 /* NSLayoutConstraint+TATFactory.m */; };
		6929D97F18A87CAD003195A4 /* NSLayoutConstraint+TATFactoryErrorSpec.m in Sources */ = {isa = PBXBuildFile; fileRef = 6929D97E18A87CAD003195A4 /* NSLayoutConstraint+TATFactoryErrorSpec.m */; };
		6941773419C4D0A30065C544 /* NSLayoutConstraint+TATActivation.m in Sources */ = {isa = PBXBuildFile; fileRef = 6941773319C4D0A30065C544 /* NSLayoutConstraint+TATActivation.m */; };
		6941773619C4E3EA0065C544 /* NSLayoutConstraint+TATActivation.h in CopyFiles */ = {isa = PBXBuildFile; fileRef = 6941773219C4D0A30065C544 /* NSLayoutConstraint+TATActivation.h */; };
		6948821F190B070F00DA1EEC /* TATLayoutExampleAppDelegate.m in Sources */ = {isa = PBXBuildFile; fileRef = 6948821E190B070F00DA1EEC /* TATLayoutExampleAppDelegate.m */; };
		69559247191913B400BEA22E /* NSLayoutConstraint+TATInstallation.h in CopyFiles */ = {isa = PBXBuildFile; fileRef = 69035F1E18D511490001259A /* NSLayoutConstraint+TATInstallation.h */; };
		69559248191913D100BEA22E /* TATLayoutHelper.h in CopyFiles */ = {isa = PBXBuildFile; fileRef = 690364CA18DCC4C700B5CB8C /* TATLayoutHelper.h */; };
		695F9EF118B0932500D66622 /* NSLayoutConstraint+TATFactorySpec.m in Sources */ = {isa = PBXBuildFile; fileRef = 695F9EF018B0932500D66622 /* NSLayoutConstraint+TATFactorySpec.m */; };
		69652BE218C8D565009BE294 /* TATLayout.h in CopyFiles */ = {isa = PBXBuildFile; fileRef = 69848D9018A09479002B6898 /* TATLayout.h */; };
		69652BE418C8D56C009BE294 /* NSLayoutConstraint+TATFactory.h in CopyFiles */ = {isa = PBXBuildFile; fileRef = 6929D97A18A87C04003195A4 /* NSLayoutConstraint+TATFactory.h */; };
		696AF994193BFD3E00DCBDE3 /* NSLayoutConstraint+TATContainer.m in Sources */ = {isa = PBXBuildFile; fileRef = 696AF993193BFD3E00DCBDE3 /* NSLayoutConstraint+TATContainer.m */; };
		696AF997193BFF6100DCBDE3 /* NSLayoutConstraint+TATContainerSpec.m in Sources */ = {isa = PBXBuildFile; fileRef = 696AF996193BFF6100DCBDE3 /* NSLayoutConstraint+TATContainerSpec.m */; };
		696CC4FB18D39586000F6597 /* UIView+TATHierarchy.m in Sources */ = {isa = PBXBuildFile; fileRef = 696CC4FA18D39586000F6597 /* UIView+TATHierarchy.m */; };
		696CC4FF18D39658000F6597 /* UIView+TATHierarchySpec.m in Sources */ = {isa = PBXBuildFile; fileRef = 696CC4FE18D39658000F6597 /* UIView+TATHierarchySpec.m */; };
		69DEE49519C4E64400AEEEA8 /* NSLayoutConstraint+TATContainer.m in Sources */ = {isa = PBXBuildFile; fileRef = 696AF993193BFD3E00DCBDE3 /* NSLayoutConstraint+TATContainer.m */; };
		69DEE49619C4E64400AEEEA8 /* NSLayoutConstraint+TATFactory.m in Sources */ = {isa = PBXBuildFile; fileRef = 6929D97B18A87C04003195A4 /* NSLayoutConstraint+TATFactory.m */; };
		69DEE49719C4E64400AEEEA8 /* NSLayoutConstraint+TATActivation.m in Sources */ = {isa = PBXBuildFile; fileRef = 6941773319C4D0A30065C544 /* NSLayoutConstraint+TATActivation.m */; };
		69DEE49819C4E64400AEEEA8 /* NSLayoutConstraint+TATInstallation.m in Sources */ = {isa = PBXBuildFile; fileRef = 69035F1F18D511490001259A /* NSLayoutConstraint+TATInstallation.m */; };
		69DEE49919C4E64400AEEEA8 /* TATLayoutHelper.m in Sources */ = {isa = PBXBuildFile; fileRef = 690364CB18DCC4C700B5CB8C /* TATLayoutHelper.m */; };
		69DEE49A19C4E64400AEEEA8 /* UIView+TATHierarchy.m in Sources */ = {isa = PBXBuildFile; fileRef = 696CC4FA18D39586000F6597 /* UIView+TATHierarchy.m */; };
		69DEE49C19C4F3F200AEEEA8 /* NSLayoutConstraint+TATActivationSpec.m in Sources */ = {isa = PBXBuildFile; fileRef = 69DEE49B19C4F3F200AEEEA8 /* NSLayoutConstraint+TATActivationSpec.m */; };
		69F9892318D6A65D00AAF1EC /* TATFakeViewHierarchy.m in Sources */ = {isa = PBXBuildFile; fileRef = 69F9892218D6A65D00AAF1EC /* TATFakeViewHierarchy.m */; };
		771FB2F13B924159BB51B0CC /* libPods-TATLayoutTests.a in Frameworks */ = {isa = PBXBuildFile; fileRef = 7BF29B5A6F2946E08C535A37 /* libPods-TATLayoutTests.a */; };
/* End PBXBuildFile section */

/* Begin PBXContainerItemProxy section */
		691789CE18A08E53003592DB /* PBXContainerItemProxy */ = {
			isa = PBXContainerItemProxy;
			containerPortal = 6913AE9818A0625B000C1F5C /* Project object */;
			proxyType = 1;
			remoteGlobalIDString = 6913AECC18A062EF000C1F5C;
			remoteInfo = TATLayoutExamples;
		};
/* End PBXContainerItemProxy section */

/* Begin PBXCopyFilesBuildPhase section */
		6913AE9E18A0625B000C1F5C /* CopyFiles */ = {
			isa = PBXCopyFilesBuildPhase;
			buildActionMask = 2147483647;
			dstPath = "include/$(PRODUCT_NAME)";
			dstSubfolderSpec = 16;
			files = (
				6941773619C4E3EA0065C544 /* NSLayoutConstraint+TATActivation.h in CopyFiles */,
				69559248191913D100BEA22E /* TATLayoutHelper.h in CopyFiles */,
				69559247191913B400BEA22E /* NSLayoutConstraint+TATInstallation.h in CopyFiles */,
				69652BE218C8D565009BE294 /* TATLayout.h in CopyFiles */,
				69652BE418C8D56C009BE294 /* NSLayoutConstraint+TATFactory.h in CopyFiles */,
			);
			runOnlyForDeploymentPostprocessing = 0;
		};
/* End PBXCopyFilesBuildPhase section */

/* Begin PBXFileReference section */
		0862CCDE14C74022BD51E7AD /* Pods-TATLayoutTests.xcconfig */ = {isa = PBXFileReference; includeInIndex = 1; lastKnownFileType = text.xcconfig; name = "Pods-TATLayoutTests.xcconfig"; path = "../Pods/Pods-TATLayoutTests.xcconfig"; sourceTree = "<group>"; };
		69035F1E18D511490001259A /* NSLayoutConstraint+TATInstallation.h */ = {isa = PBXFileReference; fileEncoding = 4; lastKnownFileType = sourcecode.c.h; lineEnding = 0; path = "NSLayoutConstraint+TATInstallation.h"; sourceTree = "<group>"; xcLanguageSpecificationIdentifier = xcode.lang.objcpp; };
		69035F1F18D511490001259A /* NSLayoutConstraint+TATInstallation.m */ = {isa = PBXFileReference; fileEncoding = 4; lastKnownFileType = sourcecode.c.objc; lineEnding = 0; path = "NSLayoutConstraint+TATInstallation.m"; sourceTree = "<group>"; xcLanguageSpecificationIdentifier = xcode.lang.objc; };
		69035F2218D512640001259A /* NSLayoutConstraint+TATInstallationSpec.m */ = {isa = PBXFileReference; fileEncoding = 4; lastKnownFileType = sourcecode.c.objc; lineEnding = 0; path = "NSLayoutConstraint+TATInstallationSpec.m"; sourceTree = "<group>"; xcLanguageSpecificationIdentifier = xcode.lang.objc; };
		690364CA18DCC4C700B5CB8C /* TATLayoutHelper.h */ = {isa = PBXFileReference; fileEncoding = 4; lastKnownFileType = sourcecode.c.h; lineEnding = 0; path = TATLayoutHelper.h; sourceTree = "<group>"; xcLanguageSpecificationIdentifier = xcode.lang.objcpp; };
		690364CB18DCC4C700B5CB8C /* TATLayoutHelper.m */ = {isa = PBXFileReference; fileEncoding = 4; lastKnownFileType = sourcecode.c.objc; lineEnding = 0; path = TATLayoutHelper.m; sourceTree = "<group>"; xcLanguageSpecificationIdentifier = xcode.lang.objc; };
		690364CE18DCC95B00B5CB8C /* TATLayoutHelperSpec.m */ = {isa = PBXFileReference; fileEncoding = 4; lastKnownFileType = sourcecode.c.objc; lineEnding = 0; path = TATLayoutHelperSpec.m; sourceTree = "<group>"; xcLanguageSpecificationIdentifier = xcode.lang.objc; };
		690DA50F193CBBA000B8C0AE /* TATLayoutExampleViewController.h */ = {isa = PBXFileReference; fileEncoding = 4; lastKnownFileType = sourcecode.c.h; path = TATLayoutExampleViewController.h; sourceTree = "<group>"; };
		690DA510193CBBA000B8C0AE /* TATLayoutExampleViewController.m */ = {isa = PBXFileReference; fileEncoding = 4; lastKnownFileType = sourcecode.c.objc; path = TATLayoutExampleViewController.m; sourceTree = "<group>"; };
		6913AEA018A0625B000C1F5C /* libTATLayout.a */ = {isa = PBXFileReference; explicitFileType = archive.ar; includeInIndex = 0; path = libTATLayout.a; sourceTree = BUILT_PRODUCTS_DIR; };
		6913AEA318A0625B000C1F5C /* Foundation.framework */ = {isa = PBXFileReference; lastKnownFileType = wrapper.framework; name = Foundation.framework; path = System/Library/Frameworks/Foundation.framework; sourceTree = SDKROOT; };
		6913AEB118A0625B000C1F5C /* XCTest.framework */ = {isa = PBXFileReference; lastKnownFileType = wrapper.framework; name = XCTest.framework; path = Library/Frameworks/XCTest.framework; sourceTree = DEVELOPER_DIR; };
		6913AECD18A062EF000C1F5C /* TATLayoutExample.app */ = {isa = PBXFileReference; explicitFileType = wrapper.application; includeInIndex = 0; path = TATLayoutExample.app; sourceTree = BUILT_PRODUCTS_DIR; };
		6913AECF18A062EF000C1F5C /* CoreGraphics.framework */ = {isa = PBXFileReference; lastKnownFileType = wrapper.framework; name = CoreGraphics.framework; path = System/Library/Frameworks/CoreGraphics.framework; sourceTree = SDKROOT; };
		6913AED418A062EF000C1F5C /* TATLayoutExample-Info.plist */ = {isa = PBXFileReference; lastKnownFileType = text.plist.xml; path = "TATLayoutExample-Info.plist"; sourceTree = "<group>"; };
		6913AED618A062EF000C1F5C /* en */ = {isa = PBXFileReference; lastKnownFileType = text.plist.strings; name = en; path = en.lproj/InfoPlist.strings; sourceTree = "<group>"; };
		6913AED818A062EF000C1F5C /* main.m */ = {isa = PBXFileReference; lastKnownFileType = sourcecode.c.objc; lineEnding = 0; path = main.m; sourceTree = "<group>"; xcLanguageSpecificationIdentifier = xcode.lang.objc; };
		6913AEDA18A062EF000C1F5C /* TATLayoutExample-Prefix.pch */ = {isa = PBXFileReference; lastKnownFileType = sourcecode.c.h; path = "TATLayoutExample-Prefix.pch"; sourceTree = "<group>"; };
		6913AEDF18A062EF000C1F5C /* Base */ = {isa = PBXFileReference; lastKnownFileType = file.storyboard; name = Base; path = Base.lproj/iPhone.storyboard; sourceTree = "<group>"; };
		6913AEE218A062EF000C1F5C /* Base */ = {isa = PBXFileReference; lastKnownFileType = file.storyboard; name = Base; path = Base.lproj/iPad.storyboard; sourceTree = "<group>"; };
		6913AEE718A062EF000C1F5C /* Images.xcassets */ = {isa = PBXFileReference; lastKnownFileType = folder.assetcatalog; path = Images.xcassets; sourceTree = "<group>"; };
		691789C118A08E53003592DB /* TATLayoutTests.xctest */ = {isa = PBXFileReference; explicitFileType = wrapper.cfbundle; includeInIndex = 0; path = TATLayoutTests.xctest; sourceTree = BUILT_PRODUCTS_DIR; };
		691789C918A08E53003592DB /* en */ = {isa = PBXFileReference; lastKnownFileType = text.plist.strings; name = en; path = en.lproj/InfoPlist.strings; sourceTree = "<group>"; };
		6929D97A18A87C04003195A4 /* NSLayoutConstraint+TATFactory.h */ = {isa = PBXFileReference; fileEncoding = 4; lastKnownFileType = sourcecode.c.h; lineEnding = 0; path = "NSLayoutConstraint+TATFactory.h"; sourceTree = "<group>"; xcLanguageSpecificationIdentifier = xcode.lang.objcpp; };
		6929D97B18A87C04003195A4 /* NSLayoutConstraint+TATFactory.m */ = {isa = PBXFileReference; fileEncoding = 4; lastKnownFileType = sourcecode.c.objc; lineEnding = 0; path = "NSLayoutConstraint+TATFactory.m"; sourceTree = "<group>"; xcLanguageSpecificationIdentifier = xcode.lang.objc; };
		6929D97E18A87CAD003195A4 /* NSLayoutConstraint+TATFactoryErrorSpec.m */ = {isa = PBXFileReference; fileEncoding = 4; lastKnownFileType = sourcecode.c.objc; lineEnding = 0; name = "NSLayoutConstraint+TATFactoryErrorSpec.m"; path = "TATLayoutTests/NSLayoutConstraint+TATFactoryErrorSpec.m"; sourceTree = SOURCE_ROOT; xcLanguageSpecificationIdentifier = xcode.lang.objc; };
		6941773219C4D0A30065C544 /* NSLayoutConstraint+TATActivation.h */ = {isa = PBXFileReference; fileEncoding = 4; lastKnownFileType = sourcecode.c.h; path = "NSLayoutConstraint+TATActivation.h"; sourceTree = "<group>"; };
		6941773319C4D0A30065C544 /* NSLayoutConstraint+TATActivation.m */ = {isa = PBXFileReference; fileEncoding = 4; lastKnownFileType = sourcecode.c.objc; path = "NSLayoutConstraint+TATActivation.m"; sourceTree = "<group>"; };
		6948821D190B070F00DA1EEC /* TATLayoutExampleAppDelegate.h */ = {isa = PBXFileReference; fileEncoding = 4; lastKnownFileType = sourcecode.c.h; path = TATLayoutExampleAppDelegate.h; sourceTree = "<group>"; };
		6948821E190B070F00DA1EEC /* TATLayoutExampleAppDelegate.m */ = {isa = PBXFileReference; fileEncoding = 4; lastKnownFileType = sourcecode.c.objc; path = TATLayoutExampleAppDelegate.m; sourceTree = "<group>"; };
		6957DDA618B27F5D00AE074E /* TATLayoutTests-Info.plist */ = {isa = PBXFileReference; lastKnownFileType = text.plist.xml; path = "TATLayoutTests-Info.plist"; sourceTree = "<group>"; };
		695A539F193A53E30014C782 /* TATFakeViewHierarchy.pdf */ = {isa = PBXFileReference; lastKnownFileType = image.pdf; path = TATFakeViewHierarchy.pdf; sourceTree = "<group>"; };
		695F9EF018B0932500D66622 /* NSLayoutConstraint+TATFactorySpec.m */ = {isa = PBXFileReference; fileEncoding = 4; lastKnownFileType = sourcecode.c.objc; lineEnding = 0; path = "NSLayoutConstraint+TATFactorySpec.m"; sourceTree = "<group>"; xcLanguageSpecificationIdentifier = xcode.lang.objc; };
		696AF992193BFD3E00DCBDE3 /* NSLayoutConstraint+TATContainer.h */ = {isa = PBXFileReference; fileEncoding = 4; lastKnownFileType = sourcecode.c.h; path = "NSLayoutConstraint+TATContainer.h"; sourceTree = "<group>"; };
		696AF993193BFD3E00DCBDE3 /* NSLayoutConstraint+TATContainer.m */ = {isa = PBXFileReference; fileEncoding = 4; lastKnownFileType = sourcecode.c.objc; path = "NSLayoutConstraint+TATContainer.m"; sourceTree = "<group>"; };
		696AF996193BFF6100DCBDE3 /* NSLayoutConstraint+TATContainerSpec.m */ = {isa = PBXFileReference; fileEncoding = 4; lastKnownFileType = sourcecode.c.objc; path = "NSLayoutConstraint+TATContainerSpec.m"; sourceTree = "<group>"; };
		696CC4F918D39586000F6597 /* UIView+TATHierarchy.h */ = {isa = PBXFileReference; fileEncoding = 4; lastKnownFileType = sourcecode.c.h; lineEnding = 0; path = "UIView+TATHierarchy.h"; sourceTree = "<group>"; xcLanguageSpecificationIdentifier = xcode.lang.objcpp; };
		696CC4FA18D39586000F6597 /* UIView+TATHierarchy.m */ = {isa = PBXFileReference; fileEncoding = 4; lastKnownFileType = sourcecode.c.objc; lineEnding = 0; path = "UIView+TATHierarchy.m"; sourceTree = "<group>"; xcLanguageSpecificationIdentifier = xcode.lang.objc; };
		696CC4FE18D39658000F6597 /* UIView+TATHierarchySpec.m */ = {isa = PBXFileReference; fileEncoding = 4; lastKnownFileType = sourcecode.c.objc; lineEnding = 0; path = "UIView+TATHierarchySpec.m"; sourceTree = "<group>"; xcLanguageSpecificationIdentifier = xcode.lang.objc; };
		69848D9018A09479002B6898 /* TATLayout.h */ = {isa = PBXFileReference; lastKnownFileType = sourcecode.c.h; lineEnding = 0; path = TATLayout.h; sourceTree = "<group>"; xcLanguageSpecificationIdentifier = xcode.lang.objcpp; };
		6990BAA418A0713200A34232 /* UIKit.framework */ = {isa = PBXFileReference; lastKnownFileType = wrapper.framework; name = UIKit.framework; path = System/Library/Frameworks/UIKit.framework; sourceTree = SDKROOT; };
		69DEE49B19C4F3F200AEEEA8 /* NSLayoutConstraint+TATActivationSpec.m */ = {isa = PBXFileReference; fileEncoding = 4; lastKnownFileType = sourcecode.c.objc; path = "NSLayoutConstraint+TATActivationSpec.m"; sourceTree = "<group>"; };
		69F9892118D6A65D00AAF1EC /* TATFakeViewHierarchy.h */ = {isa = PBXFileReference; fileEncoding = 4; lastKnownFileType = sourcecode.c.h; lineEnding = 0; path = TATFakeViewHierarchy.h; sourceTree = "<group>"; xcLanguageSpecificationIdentifier = xcode.lang.objcpp; };
		69F9892218D6A65D00AAF1EC /* TATFakeViewHierarchy.m */ = {isa = PBXFileReference; fileEncoding = 4; lastKnownFileType = sourcecode.c.objc; lineEnding = 0; path = TATFakeViewHierarchy.m; sourceTree = "<group>"; xcLanguageSpecificationIdentifier = xcode.lang.objc; };
		7BF29B5A6F2946E08C535A37 /* libPods-TATLayoutTests.a */ = {isa = PBXFileReference; explicitFileType = archive.ar; includeInIndex = 0; path = "libPods-TATLayoutTests.a"; sourceTree = BUILT_PRODUCTS_DIR; };
/* End PBXFileReference section */

/* Begin PBXFrameworksBuildPhase section */
		6913AE9D18A0625B000C1F5C /* Frameworks */ = {
			isa = PBXFrameworksBuildPhase;
			buildActionMask = 2147483647;
			files = (
			);
			runOnlyForDeploymentPostprocessing = 0;
		};
		6913AECA18A062EF000C1F5C /* Frameworks */ = {
			isa = PBXFrameworksBuildPhase;
			buildActionMask = 2147483647;
			files = (
				6913AED018A062EF000C1F5C /* CoreGraphics.framework in Frameworks */,
				6913AECE18A062EF000C1F5C /* Foundation.framework in Frameworks */,
			);
			runOnlyForDeploymentPostprocessing = 0;
		};
		691789BE18A08E53003592DB /* Frameworks */ = {
			isa = PBXFrameworksBuildPhase;
			buildActionMask = 2147483647;
			files = (
				691789C218A08E53003592DB /* XCTest.framework in Frameworks */,
				691789C418A08E53003592DB /* UIKit.framework in Frameworks */,
				691789C318A08E53003592DB /* Foundation.framework in Frameworks */,
				771FB2F13B924159BB51B0CC /* libPods-TATLayoutTests.a in Frameworks */,
			);
			runOnlyForDeploymentPostprocessing = 0;
		};
/* End PBXFrameworksBuildPhase section */

/* Begin PBXGroup section */
		6913AE9718A0625B000C1F5C = {
			isa = PBXGroup;
			children = (
				69848D8F18A09464002B6898 /* TATLayout */,
				691789C518A08E53003592DB /* TATLayoutTests */,
				6913AED218A062EF000C1F5C /* TATLayoutExample */,
				6913AEA218A0625B000C1F5C /* Frameworks */,
				6913AEA118A0625B000C1F5C /* Products */,
			);
			sourceTree = "<group>";
		};
		6913AEA118A0625B000C1F5C /* Products */ = {
			isa = PBXGroup;
			children = (
				6913AEA018A0625B000C1F5C /* libTATLayout.a */,
				6913AECD18A062EF000C1F5C /* TATLayoutExample.app */,
				691789C118A08E53003592DB /* TATLayoutTests.xctest */,
			);
			name = Products;
			sourceTree = "<group>";
		};
		6913AEA218A0625B000C1F5C /* Frameworks */ = {
			isa = PBXGroup;
			children = (
				6990BAA418A0713200A34232 /* UIKit.framework */,
				6913AEA318A0625B000C1F5C /* Foundation.framework */,
				6913AEB118A0625B000C1F5C /* XCTest.framework */,
				6913AECF18A062EF000C1F5C /* CoreGraphics.framework */,
				7BF29B5A6F2946E08C535A37 /* libPods-TATLayoutTests.a */,
			);
			name = Frameworks;
			sourceTree = "<group>";
		};
		6913AED218A062EF000C1F5C /* TATLayoutExample */ = {
			isa = PBXGroup;
			children = (
				6948821D190B070F00DA1EEC /* TATLayoutExampleAppDelegate.h */,
				6948821E190B070F00DA1EEC /* TATLayoutExampleAppDelegate.m */,
				690DA50F193CBBA000B8C0AE /* TATLayoutExampleViewController.h */,
				690DA510193CBBA000B8C0AE /* TATLayoutExampleViewController.m */,
				6913AEE118A062EF000C1F5C /* iPad.storyboard */,
				6913AEDE18A062EF000C1F5C /* iPhone.storyboard */,
				6913AEE718A062EF000C1F5C /* Images.xcassets */,
				6913AED318A062EF000C1F5C /* Supporting Files */,
			);
			path = TATLayoutExample;
			sourceTree = "<group>";
		};
		6913AED318A062EF000C1F5C /* Supporting Files */ = {
			isa = PBXGroup;
			children = (
				6913AED418A062EF000C1F5C /* TATLayoutExample-Info.plist */,
				6913AED518A062EF000C1F5C /* InfoPlist.strings */,
				6913AED818A062EF000C1F5C /* main.m */,
				6913AEDA18A062EF000C1F5C /* TATLayoutExample-Prefix.pch */,
			);
			name = "Supporting Files";
			sourceTree = "<group>";
		};
		691789C518A08E53003592DB /* TATLayoutTests */ = {
			isa = PBXGroup;
			children = (
				69DEE49B19C4F3F200AEEEA8 /* NSLayoutConstraint+TATActivationSpec.m */,
				696AF996193BFF6100DCBDE3 /* NSLayoutConstraint+TATContainerSpec.m */,
				6929D97E18A87CAD003195A4 /* NSLayoutConstraint+TATFactoryErrorSpec.m */,
				695F9EF018B0932500D66622 /* NSLayoutConstraint+TATFactorySpec.m */,
				69035F2218D512640001259A /* NSLayoutConstraint+TATInstallationSpec.m */,
				690364CE18DCC95B00B5CB8C /* TATLayoutHelperSpec.m */,
				696CC4FE18D39658000F6597 /* UIView+TATHierarchySpec.m */,
				69F9891F18D6A5ED00AAF1EC /* TATFakeViewHierarchy */,
				691789C618A08E53003592DB /* Supporting Files */,
			);
			path = TATLayoutTests;
			sourceTree = "<group>";
		};
		691789C618A08E53003592DB /* Supporting Files */ = {
			isa = PBXGroup;
			children = (
				691789C818A08E53003592DB /* InfoPlist.strings */,
				0862CCDE14C74022BD51E7AD /* Pods-TATLayoutTests.xcconfig */,
				6957DDA618B27F5D00AE074E /* TATLayoutTests-Info.plist */,
			);
			name = "Supporting Files";
			sourceTree = "<group>";
		};
		69848D8F18A09464002B6898 /* TATLayout */ = {
			isa = PBXGroup;
			children = (
				6941773219C4D0A30065C544 /* NSLayoutConstraint+TATActivation.h */,
				6941773319C4D0A30065C544 /* NSLayoutConstraint+TATActivation.m */,
				696AF992193BFD3E00DCBDE3 /* NSLayoutConstraint+TATContainer.h */,
				696AF993193BFD3E00DCBDE3 /* NSLayoutConstraint+TATContainer.m */,
				6929D97A18A87C04003195A4 /* NSLayoutConstraint+TATFactory.h */,
				6929D97B18A87C04003195A4 /* NSLayoutConstraint+TATFactory.m */,
				69035F1E18D511490001259A /* NSLayoutConstraint+TATInstallation.h */,
				69035F1F18D511490001259A /* NSLayoutConstraint+TATInstallation.m */,
				69848D9018A09479002B6898 /* TATLayout.h */,
				690364CA18DCC4C700B5CB8C /* TATLayoutHelper.h */,
				690364CB18DCC4C700B5CB8C /* TATLayoutHelper.m */,
				696CC4F918D39586000F6597 /* UIView+TATHierarchy.h */,
				696CC4FA18D39586000F6597 /* UIView+TATHierarchy.m */,
			);
			path = TATLayout;
			sourceTree = "<group>";
		};
		69F9891F18D6A5ED00AAF1EC /* TATFakeViewHierarchy */ = {
			isa = PBXGroup;
			children = (
				69F9892118D6A65D00AAF1EC /* TATFakeViewHierarchy.h */,
				69F9892218D6A65D00AAF1EC /* TATFakeViewHierarchy.m */,
				695A539F193A53E30014C782 /* TATFakeViewHierarchy.pdf */,
			);
			path = TATFakeViewHierarchy;
			sourceTree = "<group>";
		};
/* End PBXGroup section */

/* Begin PBXNativeTarget section */
		6913AE9F18A0625B000C1F5C /* TATLayout */ = {
			isa = PBXNativeTarget;
			buildConfigurationList = 6913AEC318A0625B000C1F5C /* Build configuration list for PBXNativeTarget "TATLayout" */;
			buildPhases = (
				6913AE9C18A0625B000C1F5C /* Sources */,
				6913AE9D18A0625B000C1F5C /* Frameworks */,
				6913AE9E18A0625B000C1F5C /* CopyFiles */,
			);
			buildRules = (
			);
			dependencies = (
			);
			name = TATLayout;
			productName = TATLayout;
			productReference = 6913AEA018A0625B000C1F5C /* libTATLayout.a */;
			productType = "com.apple.product-type.library.static";
		};
		6913AECC18A062EF000C1F5C /* TATLayoutExample */ = {
			isa = PBXNativeTarget;
			buildConfigurationList = 6913AEFB18A062F0000C1F5C /* Build configuration list for PBXNativeTarget "TATLayoutExample" */;
			buildPhases = (
				6913AEC918A062EF000C1F5C /* Sources */,
				6913AECA18A062EF000C1F5C /* Frameworks */,
				6913AECB18A062EF000C1F5C /* Resources */,
			);
			buildRules = (
			);
			dependencies = (
			);
			name = TATLayoutExample;
			productName = TATLayoutExamples;
			productReference = 6913AECD18A062EF000C1F5C /* TATLayoutExample.app */;
			productType = "com.apple.product-type.application";
		};
		691789C018A08E53003592DB /* TATLayoutTests */ = {
			isa = PBXNativeTarget;
			buildConfigurationList = 691789D018A08E53003592DB /* Build configuration list for PBXNativeTarget "TATLayoutTests" */;
			buildPhases = (
				9D3FECA9405C4E3FAB95A9E0 /* Check Pods Manifest.lock */,
				691789BD18A08E53003592DB /* Sources */,
				691789BE18A08E53003592DB /* Frameworks */,
				691789BF18A08E53003592DB /* Resources */,
				56F40C81888B4743B750D5B1 /* Copy Pods Resources */,
			);
			buildRules = (
			);
			dependencies = (
				691789CF18A08E53003592DB /* PBXTargetDependency */,
			);
			name = TATLayoutTests;
			productName = TATLayoutTests;
			productReference = 691789C118A08E53003592DB /* TATLayoutTests.xctest */;
			productType = "com.apple.product-type.bundle.unit-test";
		};
/* End PBXNativeTarget section */

/* Begin PBXProject section */
		6913AE9818A0625B000C1F5C /* Project object */ = {
			isa = PBXProject;
			attributes = {
				LastUpgradeCheck = 0510;
				ORGANIZATIONNAME = "Claudio Romandini";
				TargetAttributes = {
					6913AECC18A062EF000C1F5C = {
						DevelopmentTeam = 44EU2U5TE9;
						SystemCapabilities = {
							com.apple.InterAppAudio = {
								enabled = 0;
							};
						};
					};
					691789C018A08E53003592DB = {
						TestTargetID = 6913AECC18A062EF000C1F5C;
					};
				};
			};
			buildConfigurationList = 6913AE9B18A0625B000C1F5C /* Build configuration list for PBXProject "TATLayout" */;
			compatibilityVersion = "Xcode 3.2";
			developmentRegion = English;
			hasScannedForEncodings = 0;
			knownRegions = (
				en,
				Base,
			);
			mainGroup = 6913AE9718A0625B000C1F5C;
			productRefGroup = 6913AEA118A0625B000C1F5C /* Products */;
			projectDirPath = "";
			projectRoot = "";
			targets = (
				6913AECC18A062EF000C1F5C /* TATLayoutExample */,
				6913AE9F18A0625B000C1F5C /* TATLayout */,
				691789C018A08E53003592DB /* TATLayoutTests */,
				695C22AB18C98DE300882B74 /* Framework */,
			);
		};
/* End PBXProject section */

/* Begin PBXResourcesBuildPhase section */
		6913AECB18A062EF000C1F5C /* Resources */ = {
			isa = PBXResourcesBuildPhase;
			buildActionMask = 2147483647;
			files = (
				6913AEE318A062EF000C1F5C /* iPad.storyboard in Resources */,
				6913AEE818A062EF000C1F5C /* Images.xcassets in Resources */,
				6913AEE018A062EF000C1F5C /* iPhone.storyboard in Resources */,
				6913AED718A062EF000C1F5C /* InfoPlist.strings in Resources */,
			);
			runOnlyForDeploymentPostprocessing = 0;
		};
		691789BF18A08E53003592DB /* Resources */ = {
			isa = PBXResourcesBuildPhase;
			buildActionMask = 2147483647;
			files = (
				691789CA18A08E53003592DB /* InfoPlist.strings in Resources */,
			);
			runOnlyForDeploymentPostprocessing = 0;
		};
/* End PBXResourcesBuildPhase section */

/* Begin PBXShellScriptBuildPhase section */
		56F40C81888B4743B750D5B1 /* Copy Pods Resources */ = {
			isa = PBXShellScriptBuildPhase;
			buildActionMask = 2147483647;
			files = (
			);
			inputPaths = (
			);
			name = "Copy Pods Resources";
			outputPaths = (
			);
			runOnlyForDeploymentPostprocessing = 0;
			shellPath = /bin/sh;
			shellScript = "\"${SRCROOT}/Pods/Pods-TATLayoutTests-resources.sh\"\n";
			showEnvVarsInLog = 0;
		};
		695C22AF18C98DEA00882B74 /* ShellScript */ = {
			isa = PBXShellScriptBuildPhase;
			buildActionMask = 2147483647;
			files = (
			);
			inputPaths = (
			);
			outputPaths = (
			);
			runOnlyForDeploymentPostprocessing = 0;
			shellPath = /bin/sh;
			shellScript = "UNIVERSAL_DIR=\"${BUILD_DIR}/${CONFIGURATION}-iphoneuniversal\"\nBINARY=\"lib${PROJECT_NAME}.a\"\nFRAMEWORK=\"${UNIVERSAL_DIR}/${PROJECT_NAME}.framework\"\n\n# Build device and simulator versions\nxcodebuild -project \"${PROJECT_NAME}.xcodeproj\" -sdk iphonesimulator -scheme \"${PROJECT_NAME}\" -configuration \"${CONFIGURATION}\" BUILD_DIR=\"${BUILD_DIR}\" BUILD_ROOT=\"${BUILD_ROOT}\" build\nxcodebuild -project \"${PROJECT_NAME}.xcodeproj\" -sdk iphoneos -scheme \"${PROJECT_NAME}\" -configuration \"${CONFIGURATION}\" BUILD_DIR=\"${BUILD_DIR}\" BUILD_ROOT=\"${BUILD_ROOT}\" build\n\n# Create universal binary file using lipo\nmkdir -p \"${UNIVERSAL_DIR}\"\nlipo -create -output \"${UNIVERSAL_DIR}/${BINARY}\" \"${BUILD_DIR}/${CONFIGURATION}-iphoneos/${BINARY}\" \"${BUILD_DIR}/${CONFIGURATION}-iphonesimulator/${BINARY}\"\ncp -R \"${BUILD_DIR}/${CONFIGURATION}-iphoneos/include\" \"${UNIVERSAL_DIR}/\"\n\n# Assemble Framework\nmkdir -p \"${FRAMEWORK}/Versions/A/Headers\"\nmkdir -p \"${FRAMEWORK}/Versions/A/Resources\"\ncp -a \"${UNIVERSAL_DIR}/${BINARY}\" \"${FRAMEWORK}/Versions/A/${PROJECT_NAME}\"\ncp -a \"${UNIVERSAL_DIR}/include/${PROJECT_NAME}/\" \"${FRAMEWORK}/Versions/A/Headers\"\nln -sfh \"A\" \"${FRAMEWORK}/Versions/Current\"\nln -sfh \"Versions/Current/Headers\" \"${FRAMEWORK}/Headers\"\nln -sfh \"Versions/Current/Resources\" \"${FRAMEWORK}/Resources\"\nln -sfh \"Versions/Current/${PROJECT_NAME}\" \"${FRAMEWORK}/${PROJECT_NAME}\"\n\n# Open universal directory in Finder\nopen \"${UNIVERSAL_DIR}\"";
		};
		9D3FECA9405C4E3FAB95A9E0 /* Check Pods Manifest.lock */ = {
			isa = PBXShellScriptBuildPhase;
			buildActionMask = 2147483647;
			files = (
			);
			inputPaths = (
			);
			name = "Check Pods Manifest.lock";
			outputPaths = (
			);
			runOnlyForDeploymentPostprocessing = 0;
			shellPath = /bin/sh;
			shellScript = "diff \"${PODS_ROOT}/../Podfile.lock\" \"${PODS_ROOT}/Manifest.lock\" > /dev/null\nif [[ $? != 0 ]] ; then\n    cat << EOM\nerror: The sandbox is not in sync with the Podfile.lock. Run 'pod install' or update your CocoaPods installation.\nEOM\n    exit 1\nfi\n";
			showEnvVarsInLog = 0;
		};
/* End PBXShellScriptBuildPhase section */

/* Begin PBXSourcesBuildPhase section */
		6913AE9C18A0625B000C1F5C /* Sources */ = {
			isa = PBXSourcesBuildPhase;
			buildActionMask = 2147483647;
			files = (
				696CC4FB18D39586000F6597 /* UIView+TATHierarchy.m in Sources */,
				69035F2018D511490001259A /* NSLayoutConstraint+TATInstallation.m in Sources */,
				696AF994193BFD3E00DCBDE3 /* NSLayoutConstraint+TATContainer.m in Sources */,
				690364CC18DCC4C700B5CB8C /* TATLayoutHelper.m in Sources */,
				6929D97C18A87C04003195A4 /* NSLayoutConstraint+TATFactory.m in Sources */,
				6941773419C4D0A30065C544 /* NSLayoutConstraint+TATActivation.m in Sources */,
			);
			runOnlyForDeploymentPostprocessing = 0;
		};
		6913AEC918A062EF000C1F5C /* Sources */ = {
			isa = PBXSourcesBuildPhase;
			buildActionMask = 2147483647;
			files = (
				69DEE49519C4E64400AEEEA8 /* NSLayoutConstraint+TATContainer.m in Sources */,
				69DEE49619C4E64400AEEEA8 /* NSLayoutConstraint+TATFactory.m in Sources */,
				69DEE49719C4E64400AEEEA8 /* NSLayoutConstraint+TATActivation.m in Sources */,
				69DEE49819C4E64400AEEEA8 /* NSLayoutConstraint+TATInstallation.m in Sources */,
				69DEE49919C4E64400AEEEA8 /* TATLayoutHelper.m in Sources */,
				69DEE49A19C4E64400AEEEA8 /* UIView+TATHierarchy.m in Sources */,
				6913AED918A062EF000C1F5C /* main.m in Sources */,
				6948821F190B070F00DA1EEC /* TATLayoutExampleAppDelegate.m in Sources */,
				690DA511193CBBA000B8C0AE /* TATLayoutExampleViewController.m in Sources */,
			);
			runOnlyForDeploymentPostprocessing = 0;
		};
		691789BD18A08E53003592DB /* Sources */ = {
			isa = PBXSourcesBuildPhase;
			buildActionMask = 2147483647;
			files = (
				695F9EF118B0932500D66622 /* NSLayoutConstraint+TATFactorySpec.m in Sources */,
				696AF997193BFF6100DCBDE3 /* NSLayoutConstraint+TATContainerSpec.m in Sources */,
				69035F2318D512640001259A /* NSLayoutConstraint+TATInstallationSpec.m in Sources */,
				69DEE49C19C4F3F200AEEEA8 /* NSLayoutConstraint+TATActivationSpec.m in Sources */,
				690364CF18DCC95B00B5CB8C /* TATLayoutHelperSpec.m in Sources */,
				6929D97F18A87CAD003195A4 /* NSLayoutConstraint+TATFactoryErrorSpec.m in Sources */,
				696CC4FF18D39658000F6597 /* UIView+TATHierarchySpec.m in Sources */,
				69F9892318D6A65D00AAF1EC /* TATFakeViewHierarchy.m in Sources */,
			);
			runOnlyForDeploymentPostprocessing = 0;
		};
/* End PBXSourcesBuildPhase section */

/* Begin PBXTargetDependency section */
		691789CF18A08E53003592DB /* PBXTargetDependency */ = {
			isa = PBXTargetDependency;
			target = 6913AECC18A062EF000C1F5C /* TATLayoutExample */;
			targetProxy = 691789CE18A08E53003592DB /* PBXContainerItemProxy */;
		};
/* End PBXTargetDependency section */

/* Begin PBXVariantGroup section */
		6913AED518A062EF000C1F5C /* InfoPlist.strings */ = {
			isa = PBXVariantGroup;
			children = (
				6913AED618A062EF000C1F5C /* en */,
			);
			name = InfoPlist.strings;
			sourceTree = "<group>";
		};
		6913AEDE18A062EF000C1F5C /* iPhone.storyboard */ = {
			isa = PBXVariantGroup;
			children = (
				6913AEDF18A062EF000C1F5C /* Base */,
			);
			name = iPhone.storyboard;
			sourceTree = "<group>";
		};
		6913AEE118A062EF000C1F5C /* iPad.storyboard */ = {
			isa = PBXVariantGroup;
			children = (
				6913AEE218A062EF000C1F5C /* Base */,
			);
			name = iPad.storyboard;
			sourceTree = "<group>";
		};
		691789C818A08E53003592DB /* InfoPlist.strings */ = {
			isa = PBXVariantGroup;
			children = (
				691789C918A08E53003592DB /* en */,
			);
			name = InfoPlist.strings;
			sourceTree = "<group>";
		};
/* End PBXVariantGroup section */

/* Begin XCBuildConfiguration section */
		6913AEC118A0625B000C1F5C /* Debug */ = {
			isa = XCBuildConfiguration;
			buildSettings = {
				ALWAYS_SEARCH_USER_PATHS = NO;
				CLANG_CXX_LANGUAGE_STANDARD = "gnu++0x";
				CLANG_CXX_LIBRARY = "libc++";
				CLANG_ENABLE_MODULES = YES;
				CLANG_ENABLE_OBJC_ARC = YES;
				CLANG_WARN_BOOL_CONVERSION = YES;
				CLANG_WARN_CONSTANT_CONVERSION = YES;
				CLANG_WARN_DIRECT_OBJC_ISA_USAGE = YES_ERROR;
				CLANG_WARN_EMPTY_BODY = YES;
				CLANG_WARN_ENUM_CONVERSION = YES;
				CLANG_WARN_INT_CONVERSION = YES;
				CLANG_WARN_OBJC_ROOT_CLASS = YES_ERROR;
				CLANG_WARN__DUPLICATE_METHOD_MATCH = YES;
				COPY_PHASE_STRIP = NO;
				GCC_C_LANGUAGE_STANDARD = gnu99;
				GCC_DYNAMIC_NO_PIC = NO;
				GCC_OPTIMIZATION_LEVEL = 0;
				GCC_PREPROCESSOR_DEFINITIONS = (
					"DEBUG=1",
					"$(inherited)",
				);
				GCC_SYMBOLS_PRIVATE_EXTERN = NO;
				GCC_WARN_64_TO_32_BIT_CONVERSION = YES;
				GCC_WARN_ABOUT_RETURN_TYPE = YES_ERROR;
				GCC_WARN_UNDECLARED_SELECTOR = YES;
				GCC_WARN_UNINITIALIZED_AUTOS = YES;
				GCC_WARN_UNUSED_FUNCTION = YES;
				GCC_WARN_UNUSED_VARIABLE = YES;
				IPHONEOS_DEPLOYMENT_TARGET = 7.0;
				ONLY_ACTIVE_ARCH = YES;
				SDKROOT = iphoneos;
			};
			name = Debug;
		};
		6913AEC218A0625B000C1F5C /* Release */ = {
			isa = XCBuildConfiguration;
			buildSettings = {
				ALWAYS_SEARCH_USER_PATHS = NO;
				CLANG_CXX_LANGUAGE_STANDARD = "gnu++0x";
				CLANG_CXX_LIBRARY = "libc++";
				CLANG_ENABLE_MODULES = YES;
				CLANG_ENABLE_OBJC_ARC = YES;
				CLANG_WARN_BOOL_CONVERSION = YES;
				CLANG_WARN_CONSTANT_CONVERSION = YES;
				CLANG_WARN_DIRECT_OBJC_ISA_USAGE = YES_ERROR;
				CLANG_WARN_EMPTY_BODY = YES;
				CLANG_WARN_ENUM_CONVERSION = YES;
				CLANG_WARN_INT_CONVERSION = YES;
				CLANG_WARN_OBJC_ROOT_CLASS = YES_ERROR;
				CLANG_WARN__DUPLICATE_METHOD_MATCH = YES;
				COPY_PHASE_STRIP = YES;
				ENABLE_NS_ASSERTIONS = NO;
				GCC_C_LANGUAGE_STANDARD = gnu99;
				GCC_WARN_64_TO_32_BIT_CONVERSION = YES;
				GCC_WARN_ABOUT_RETURN_TYPE = YES_ERROR;
				GCC_WARN_UNDECLARED_SELECTOR = YES;
				GCC_WARN_UNINITIALIZED_AUTOS = YES;
				GCC_WARN_UNUSED_FUNCTION = YES;
				GCC_WARN_UNUSED_VARIABLE = YES;
				IPHONEOS_DEPLOYMENT_TARGET = 7.0;
				SDKROOT = iphoneos;
				VALIDATE_PRODUCT = YES;
			};
			name = Release;
		};
		6913AEC418A0625B000C1F5C /* Debug */ = {
			isa = XCBuildConfiguration;
			buildSettings = {
				DSTROOT = /tmp/TATLayout.dst;
				GCC_PRECOMPILE_PREFIX_HEADER = NO;
				GCC_PREFIX_HEADER = "";
				OTHER_LDFLAGS = "-ObjC";
				PRODUCT_NAME = "$(TARGET_NAME)";
				SKIP_INSTALL = YES;
			};
			name = Debug;
		};
		6913AEC518A0625B000C1F5C /* Release */ = {
			isa = XCBuildConfiguration;
			buildSettings = {
				DSTROOT = /tmp/TATLayout.dst;
				GCC_PRECOMPILE_PREFIX_HEADER = NO;
				GCC_PREFIX_HEADER = "";
				OTHER_LDFLAGS = "-ObjC";
				PRODUCT_NAME = "$(TARGET_NAME)";
				SKIP_INSTALL = YES;
			};
			name = Release;
		};
		6913AEFC18A062F0000C1F5C /* Debug */ = {
			isa = XCBuildConfiguration;
			buildSettings = {
				ASSETCATALOG_COMPILER_APPICON_NAME = AppIcon;
				ASSETCATALOG_COMPILER_LAUNCHIMAGE_NAME = LaunchImage;
				CODE_SIGN_IDENTITY = "iPhone Developer";
				"CODE_SIGN_IDENTITY[sdk=iphoneos*]" = "iPhone Developer";
				FRAMEWORK_SEARCH_PATHS = (
					"$(inherited)",
					"$(DEVELOPER_FRAMEWORKS_DIR)",
				);
				GCC_PRECOMPILE_PREFIX_HEADER = YES;
				GCC_PREFIX_HEADER = "TATLayoutExample/TATLayoutExample-Prefix.pch";
				GCC_PREPROCESSOR_DEFINITIONS = (
					"DEBUG=1",
					"$(inherited)",
				);
				INFOPLIST_FILE = "TATLayoutExample/TATLayoutExample-Info.plist";
				PRODUCT_NAME = "$(TARGET_NAME)";
				PROVISIONING_PROFILE = "";
				TARGETED_DEVICE_FAMILY = "1,2";
				WRAPPER_EXTENSION = app;
			};
			name = Debug;
		};
		6913AEFD18A062F0000C1F5C /* Release */ = {
			isa = XCBuildConfiguration;
			buildSettings = {
				ASSETCATALOG_COMPILER_APPICON_NAME = AppIcon;
				ASSETCATALOG_COMPILER_LAUNCHIMAGE_NAME = LaunchImage;
				CODE_SIGN_IDENTITY = "iPhone Developer";
				"CODE_SIGN_IDENTITY[sdk=iphoneos*]" = "iPhone Developer";
				FRAMEWORK_SEARCH_PATHS = (
					"$(inherited)",
					"$(DEVELOPER_FRAMEWORKS_DIR)",
				);
				GCC_PRECOMPILE_PREFIX_HEADER = YES;
				GCC_PREFIX_HEADER = "TATLayoutExample/TATLayoutExample-Prefix.pch";
				INFOPLIST_FILE = "TATLayoutExample/TATLayoutExample-Info.plist";
				PRODUCT_NAME = "$(TARGET_NAME)";
				PROVISIONING_PROFILE = "";
				TARGETED_DEVICE_FAMILY = "1,2";
				WRAPPER_EXTENSION = app;
			};
			name = Release;
		};
		691789D118A08E53003592DB /* Debug */ = {
			isa = XCBuildConfiguration;
			baseConfigurationReference = 0862CCDE14C74022BD51E7AD /* Pods-TATLayoutTests.xcconfig */;
			buildSettings = {
				BUNDLE_LOADER = "$(BUILT_PRODUCTS_DIR)/TATLayoutExample.app/TATLayoutExample";
				FRAMEWORK_SEARCH_PATHS = (
					"$(SDKROOT)/Developer/Library/Frameworks",
					"$(inherited)",
					"$(DEVELOPER_FRAMEWORKS_DIR)",
				);
				GCC_PRECOMPILE_PREFIX_HEADER = NO;
				GCC_PREFIX_HEADER = "";
				GCC_PREPROCESSOR_DEFINITIONS = (
					"DEBUG=1",
					"$(inherited)",
				);
				INFOPLIST_FILE = "TATLayoutTests/TATLayoutTests-Info.plist";
				IPHONEOS_DEPLOYMENT_TARGET = 7.0;
				PRODUCT_NAME = "$(TARGET_NAME)";
				TEST_HOST = "$(BUNDLE_LOADER)";
				WRAPPER_EXTENSION = xctest;
			};
			name = Debug;
		};
		691789D218A08E53003592DB /* Release */ = {
			isa = XCBuildConfiguration;
			baseConfigurationReference = 0862CCDE14C74022BD51E7AD /* Pods-TATLayoutTests.xcconfig */;
			buildSettings = {
				BUNDLE_LOADER = "$(BUILT_PRODUCTS_DIR)/TATLayoutExample.app/TATLayoutExample";
				FRAMEWORK_SEARCH_PATHS = (
					"$(SDKROOT)/Developer/Library/Frameworks",
					"$(inherited)",
					"$(DEVELOPER_FRAMEWORKS_DIR)",
				);
				GCC_PRECOMPILE_PREFIX_HEADER = NO;
				GCC_PREFIX_HEADER = "";
				INFOPLIST_FILE = "TATLayoutTests/TATLayoutTests-Info.plist";
				IPHONEOS_DEPLOYMENT_TARGET = 7.0;
				PRODUCT_NAME = "$(TARGET_NAME)";
				TEST_HOST = "$(BUNDLE_LOADER)";
				WRAPPER_EXTENSION = xctest;
			};
			name = Release;
		};
		695C22AD18C98DE300882B74 /* Debug */ = {
			isa = XCBuildConfiguration;
			buildSettings = {
				PRODUCT_NAME = "$(TARGET_NAME)";
			};
			name = Debug;
		};
		695C22AE18C98DE300882B74 /* Release */ = {
			isa = XCBuildConfiguration;
			buildSettings = {
				PRODUCT_NAME = "$(TARGET_NAME)";
			};
			name = Release;
		};
/* End XCBuildConfiguration section */

/* Begin XCConfigurationList section */
		6913AE9B18A0625B000C1F5C /* Build configuration list for PBXProject "TATLayout" */ = {
			isa = XCConfigurationList;
			buildConfigurations = (
				6913AEC118A0625B000C1F5C /* Debug */,
				6913AEC218A0625B000C1F5C /* Release */,
			);
			defaultConfigurationIsVisible = 0;
			defaultConfigurationName = Release;
		};
		6913AEC318A0625B000C1F5C /* Build configuration list for PBXNativeTarget "TATLayout" */ = {
			isa = XCConfigurationList;
			buildConfigurations = (
				6913AEC418A0625B000C1F5C /* Debug */,
				6913AEC518A0625B000C1F5C /* Release */,
			);
			defaultConfigurationIsVisible = 0;
			defaultConfigurationName = Release;
		};
		6913AEFB18A062F0000C1F5C /* Build configuration list for PBXNativeTarget "TATLayoutExample" */ = {
			isa = XCConfigurationList;
			buildConfigurations = (
				6913AEFC18A062F0000C1F5C /* Debug */,
				6913AEFD18A062F0000C1F5C /* Release */,
			);
			defaultConfigurationIsVisible = 0;
			defaultConfigurationName = Release;
		};
		691789D018A08E53003592DB /* Build configuration list for PBXNativeTarget "TATLayoutTests" */ = {
			isa = XCConfigurationList;
			buildConfigurations = (
				691789D118A08E53003592DB /* Debug */,
				691789D218A08E53003592DB /* Release */,
			);
			defaultConfigurationIsVisible = 0;
			defaultConfigurationName = Release;
		};
		695C22AC18C98DE300882B74 /* Build configuration list for PBXAggregateTarget "Framework" */ = {
			isa = XCConfigurationList;
			buildConfigurations = (
				695C22AD18C98DE300882B74 /* Debug */,
				695C22AE18C98DE300882B74 /* Release */,
			);
			defaultConfigurationIsVisible = 0;
			defaultConfigurationName = Release;
		};
/* End XCConfigurationList section */
	};
	rootObject = 6913AE9818A0625B000C1F5C /* Project object */;
}
